
Microsoft Visual Studio Solution File, Format Version 12.00
# Visual Studio 15
VisualStudioVersion = 15.0.27703.2035
MinimumVisualStudioVersion = 10.0.40219.1
Project("{FAE04EC0-301F-11D3-BF4B-00C04F79EFBC}") = "Plugins", "Plugins\Plugins.csproj", "{2D666FCB-BDD7-40EE-AFDC-CFDF81D1021C}"
EndProject
Global
	GlobalSection(SolutionConfigurationPlatforms) = preSolution
		Debug|Any CPU = Debug|Any CPU
		Release|Any CPU = Release|Any CPU
	EndGlobalSection
	GlobalSection(ProjectConfigurationPlatforms) = postSolution
		{2D666FCB-BDD7-40EE-AFDC-CFDF81D1021C}.Debug|Any CPU.ActiveCfg = Debug|Any CPU
		{2D666FCB-BDD7-40EE-AFDC-CFDF81D1021C}.Debug|Any CPU.Build.0 = Debug|Any CPU
		{2D666FCB-BDD7-40EE-AFDC-CFDF81D1021C}.Release|Any CPU.ActiveCfg = Release|Any CPU
		{2D666FCB-BDD7-40EE-AFDC-CFDF81D1021C}.Release|Any CPU.Build.0 = Release|Any CPU
	EndGlobalSection
	GlobalSection(SolutionProperties) = preSolution
		HideSolutionNode = FALSE
	EndGlobalSection
	GlobalSection(ExtensibilityGlobals) = postSolution
		SolutionGuid = {816AE0E2-FF80-4438-AA70-53B3D46A1888}
	EndGlobalSection
EndGlobal
